{
  "name": "svg-nft-tutorials-ella",
  "lockfileVersion": 3,
  "requires": true,
  "packages": {
    "": {
      "dependencies": {
        "js-base64": "^3.7.7",
        "json-colorizer": "^3.0.1"
      }
    },
    "node_modules/colorette": {
      "version": "2.0.20",
      "resolved": "https://registry.npmjs.org/colorette/-/colorette-2.0.20.tgz",
      "integrity": "sha512-IfEDxwoWIjkeXL1eXcDiow4UbKjhLdq6/EuSVR9GMN7KVH3r9gQ83e73hsz1Nd1T3ijd5xv1wcWRYO+D6kCI2w==",
      "license": "MIT"
    },
    "node_modules/js-base64": {
      "version": "3.7.7",
      "resolved": "https://registry.npmjs.org/js-base64/-/js-base64-3.7.7.tgz",
      "integrity": "sha512-7rCnleh0z2CkXhH67J8K1Ytz0b2Y+yxTPL+/KOJoa20hfnVQ/3/T6W/KflYI4bRHRagNeXeU2bkNGI3v1oS/lw==",
      "license": "BSD-3-Clause"
    },
    "node_modules/json-colorizer": {
      "version": "3.0.1",
      "resolved": "https://registry.npmjs.org/json-colorizer/-/json-colorizer-3.0.1.tgz",
      "integrity": "sha512-4YyRAbD6eHeRnJD9vo0zjiU5fyY9QR6T+iYuH5DpO0XPThKWozpD4MaeY/8nLZIkHC3yEQMFLL+6P94E+JekDw==",
      "license": "MIT",
      "dependencies": {
        "colorette": "^2.0.20"
      }
    }
  }
}
